
Microsoft Visual Studio Solution File, Format Version 12.00
# Visual Studio Version 17
VisualStudioVersion = 17.0.31903.59
MinimumVisualStudioVersion = 10.0.40219.1
Project("{2150E333-8FDC-42A3-9474-1A3956D46DE8}") = "src", "src", "{827E0CD3-B72D-47B6-A68D-7590B98EB39B}"
EndProject
Project("{FAE04EC0-301F-11D3-BF4B-00C04F79EFBC}") = "TigerRacing.Api", "src\TigerRacing.Api\TigerRacing.Api.csproj", "{1AC915EE-E384-49B1-8931-02CF9D552E14}"
EndProject
Project("{FAE04EC0-301F-11D3-BF4B-00C04F79EFBC}") = "TigerRacing.Core", "src\TigerRacing.Core\TigerRacing.Core.csproj", "{7C907E5D-2428-454C-9192-05F8C639551D}"
EndProject
Project("{2150E333-8FDC-42A3-9474-1A3956D46DE8}") = "tests", "tests", "{0AB3BF05-4346-4AA6-1389-037BE0695223}"
EndProject
Project("{FAE04EC0-301F-11D3-BF4B-00C04F79EFBC}") = "TigerRacing.Api.Tests", "tests\TigerRacing.Api.Tests\TigerRacing.Api.Tests.csproj", "{AF2F9FB9-DFEB-413D-B73B-2625DF33771B}"
EndProject
Project("{FAE04EC0-301F-11D3-BF4B-00C04F79EFBC}") = "TigerRacing.Core.Tests", "tests\TigerRacing.Core.Tests\TigerRacing.Core.Tests.csproj", "{7414E6F8-D82B-4123-9D37-1DBEAD6B9463}"
EndProject
Project("{FAE04EC0-301F-11D3-BF4B-00C04F79EFBC}") = "TigerRacing.Data", "src\TigerRacing.Data\TigerRacing.Data.csproj", "{0B0624CA-8410-4115-9DF5-F2CE75DEB412}"
EndProject
Global
	GlobalSection(SolutionConfigurationPlatforms) = preSolution
		Debug|Any CPU = Debug|Any CPU
		Debug|x64 = Debug|x64
		Debug|x86 = Debug|x86
		Release|Any CPU = Release|Any CPU
		Release|x64 = Release|x64
		Release|x86 = Release|x86
	EndGlobalSection
	GlobalSection(ProjectConfigurationPlatforms) = postSolution
		{1AC915EE-E384-49B1-8931-02CF9D552E14}.Debug|Any CPU.ActiveCfg = Debug|Any CPU
		{1AC915EE-E384-49B1-8931-02CF9D552E14}.Debug|Any CPU.Build.0 = Debug|Any CPU
		{1AC915EE-E384-49B1-8931-02CF9D552E14}.Debug|x64.ActiveCfg = Debug|Any CPU
		{1AC915EE-E384-49B1-8931-02CF9D552E14}.Debug|x64.Build.0 = Debug|Any CPU
		{1AC915EE-E384-49B1-8931-02CF9D552E14}.Debug|x86.ActiveCfg = Debug|Any CPU
		{1AC915EE-E384-49B1-8931-02CF9D552E14}.Debug|x86.Build.0 = Debug|Any CPU
		{1AC915EE-E384-49B1-8931-02CF9D552E14}.Release|Any CPU.ActiveCfg = Release|Any CPU
		{1AC915EE-E384-49B1-8931-02CF9D552E14}.Release|Any CPU.Build.0 = Release|Any CPU
		{1AC915EE-E384-49B1-8931-02CF9D552E14}.Release|x64.ActiveCfg = Release|Any CPU
		{1AC915EE-E384-49B1-8931-02CF9D552E14}.Release|x64.Build.0 = Release|Any CPU
		{1AC915EE-E384-49B1-8931-02CF9D552E14}.Release|x86.ActiveCfg = Release|Any CPU
		{1AC915EE-E384-49B1-8931-02CF9D552E14}.Release|x86.Build.0 = Release|Any CPU
		{7C907E5D-2428-454C-9192-05F8C639551D}.Debug|Any CPU.ActiveCfg = Debug|Any CPU
		{7C907E5D-2428-454C-9192-05F8C639551D}.Debug|Any CPU.Build.0 = Debug|Any CPU
		{7C907E5D-2428-454C-9192-05F8C639551D}.Debug|x64.ActiveCfg = Debug|Any CPU
		{7C907E5D-2428-454C-9192-05F8C639551D}.Debug|x64.Build.0 = Debug|Any CPU
		{7C907E5D-2428-454C-9192-05F8C639551D}.Debug|x86.ActiveCfg = Debug|Any CPU
		{7C907E5D-2428-454C-9192-05F8C639551D}.Debug|x86.Build.0 = Debug|Any CPU
		{7C907E5D-2428-454C-9192-05F8C639551D}.Release|Any CPU.ActiveCfg = Release|Any CPU
		{7C907E5D-2428-454C-9192-05F8C639551D}.Release|Any CPU.Build.0 = Release|Any CPU
		{7C907E5D-2428-454C-9192-05F8C639551D}.Release|x64.ActiveCfg = Release|Any CPU
		{7C907E5D-2428-454C-9192-05F8C639551D}.Release|x64.Build.0 = Release|Any CPU
		{7C907E5D-2428-454C-9192-05F8C639551D}.Release|x86.ActiveCfg = Release|Any CPU
		{7C907E5D-2428-454C-9192-05F8C639551D}.Release|x86.Build.0 = Release|Any CPU
		{AF2F9FB9-DFEB-413D-B73B-2625DF33771B}.Debug|Any CPU.ActiveCfg = Debug|Any CPU
		{AF2F9FB9-DFEB-413D-B73B-2625DF33771B}.Debug|Any CPU.Build.0 = Debug|Any CPU
		{AF2F9FB9-DFEB-413D-B73B-2625DF33771B}.Debug|x64.ActiveCfg = Debug|Any CPU
		{AF2F9FB9-DFEB-413D-B73B-2625DF33771B}.Debug|x64.Build.0 = Debug|Any CPU
		{AF2F9FB9-DFEB-413D-B73B-2625DF33771B}.Debug|x86.ActiveCfg = Debug|Any CPU
		{AF2F9FB9-DFEB-413D-B73B-2625DF33771B}.Debug|x86.Build.0 = Debug|Any CPU
		{AF2F9FB9-DFEB-413D-B73B-2625DF33771B}.Release|Any CPU.ActiveCfg = Release|Any CPU
		{AF2F9FB9-DFEB-413D-B73B-2625DF33771B}.Release|Any CPU.Build.0 = Release|Any CPU
		{AF2F9FB9-DFEB-413D-B73B-2625DF33771B}.Release|x64.ActiveCfg = Release|Any CPU
		{AF2F9FB9-DFEB-413D-B73B-2625DF33771B}.Release|x64.Build.0 = Release|Any CPU
		{AF2F9FB9-DFEB-413D-B73B-2625DF33771B}.Release|x86.ActiveCfg = Release|Any CPU
		{AF2F9FB9-DFEB-413D-B73B-2625DF33771B}.Release|x86.Build.0 = Release|Any CPU
		{7414E6F8-D82B-4123-9D37-1DBEAD6B9463}.Debug|Any CPU.ActiveCfg = Debug|Any CPU
		{7414E6F8-D82B-4123-9D37-1DBEAD6B9463}.Debug|Any CPU.Build.0 = Debug|Any CPU
		{7414E6F8-D82B-4123-9D37-1DBEAD6B9463}.Debug|x64.ActiveCfg = Debug|Any CPU
		{7414E6F8-D82B-4123-9D37-1DBEAD6B9463}.Debug|x64.Build.0 = Debug|Any CPU
		{7414E6F8-D82B-4123-9D37-1DBEAD6B9463}.Debug|x86.ActiveCfg = Debug|Any CPU
		{7414E6F8-D82B-4123-9D37-1DBEAD6B9463}.Debug|x86.Build.0 = Debug|Any CPU
		{7414E6F8-D82B-4123-9D37-1DBEAD6B9463}.Release|Any CPU.ActiveCfg = Release|Any CPU
		{7414E6F8-D82B-4123-9D37-1DBEAD6B9463}.Release|Any CPU.Build.0 = Release|Any CPU
		{7414E6F8-D82B-4123-9D37-1DBEAD6B9463}.Release|x64.ActiveCfg = Release|Any CPU
		{7414E6F8-D82B-4123-9D37-1DBEAD6B9463}.Release|x64.Build.0 = Release|Any CPU
		{7414E6F8-D82B-4123-9D37-1DBEAD6B9463}.Release|x86.ActiveCfg = Release|Any CPU
		{7414E6F8-D82B-4123-9D37-1DBEAD6B9463}.Release|x86.Build.0 = Release|Any CPU
		{0B0624CA-8410-4115-9DF5-F2CE75DEB412}.Debug|Any CPU.ActiveCfg = Debug|Any CPU
		{0B0624CA-8410-4115-9DF5-F2CE75DEB412}.Debug|Any CPU.Build.0 = Debug|Any CPU
		{0B0624CA-8410-4115-9DF5-F2CE75DEB412}.Debug|x64.ActiveCfg = Debug|Any CPU
		{0B0624CA-8410-4115-9DF5-F2CE75DEB412}.Debug|x64.Build.0 = Debug|Any CPU
		{0B0624CA-8410-4115-9DF5-F2CE75DEB412}.Debug|x86.ActiveCfg = Debug|Any CPU
		{0B0624CA-8410-4115-9DF5-F2CE75DEB412}.Debug|x86.Build.0 = Debug|Any CPU
		{0B0624CA-8410-4115-9DF5-F2CE75DEB412}.Release|Any CPU.ActiveCfg = Release|Any CPU
		{0B0624CA-8410-4115-9DF5-F2CE75DEB412}.Release|Any CPU.Build.0 = Release|Any CPU
		{0B0624CA-8410-4115-9DF5-F2CE75DEB412}.Release|x64.ActiveCfg = Release|Any CPU
		{0B0624CA-8410-4115-9DF5-F2CE75DEB412}.Release|x64.Build.0 = Release|Any CPU
		{0B0624CA-8410-4115-9DF5-F2CE75DEB412}.Release|x86.ActiveCfg = Release|Any CPU
		{0B0624CA-8410-4115-9DF5-F2CE75DEB412}.Release|x86.Build.0 = Release|Any CPU
	EndGlobalSection
	GlobalSection(SolutionProperties) = preSolution
		HideSolutionNode = FALSE
	EndGlobalSection
	GlobalSection(NestedProjects) = preSolution
		{1AC915EE-E384-49B1-8931-02CF9D552E14} = {827E0CD3-B72D-47B6-A68D-7590B98EB39B}
		{7C907E5D-2428-454C-9192-05F8C639551D} = {827E0CD3-B72D-47B6-A68D-7590B98EB39B}
		{AF2F9FB9-DFEB-413D-B73B-2625DF33771B} = {0AB3BF05-4346-4AA6-1389-037BE0695223}
		{7414E6F8-D82B-4123-9D37-1DBEAD6B9463} = {0AB3BF05-4346-4AA6-1389-037BE0695223}
		{0B0624CA-8410-4115-9DF5-F2CE75DEB412} = {827E0CD3-B72D-47B6-A68D-7590B98EB39B}
	EndGlobalSection
EndGlobal
